
Microsoft Visual Studio Solution File, Format Version 12.00
# Visual Studio Version 17
VisualStudioVersion = 17.14.36518.9
MinimumVisualStudioVersion = 10.0.40219.1
Project("{FAE04EC0-301F-11D3-BF4B-00C04F79EFBC}") = "CompanySalesAPI", "CompanySalesAPI\CompanySalesAPI.csproj", "{7BB7DD67-48A8-472D-A727-47CD18BEC964}"
EndProject
Project("{FAE04EC0-301F-11D3-BF4B-00C04F79EFBC}") = "CompanySalesAPI.Tests", "CompanySalesAPI.Tests\CompanySalesAPI.Tests.csproj", "{78E2B88A-DDBD-13DC-4A45-E881EBBB2805}"
EndProject
Global
	GlobalSection(SolutionConfigurationPlatforms) = preSolution
		Debug|Any CPU = Debug|Any CPU
		Release|Any CPU = Release|Any CPU
	EndGlobalSection
	GlobalSection(ProjectConfigurationPlatforms) = postSolution
		{7BB7DD67-48A8-472D-A727-47CD18BEC964}.Debug|Any CPU.ActiveCfg = Debug|Any CPU
		{7BB7DD67-48A8-472D-A727-47CD18BEC964}.Debug|Any CPU.Build.0 = Debug|Any CPU
		{7BB7DD67-48A8-472D-A727-47CD18BEC964}.Release|Any CPU.ActiveCfg = Release|Any CPU
		{7BB7DD67-48A8-472D-A727-47CD18BEC964}.Release|Any CPU.Build.0 = Release|Any CPU
		{78E2B88A-DDBD-13DC-4A45-E881EBBB2805}.Debug|Any CPU.ActiveCfg = Debug|Any CPU
		{78E2B88A-DDBD-13DC-4A45-E881EBBB2805}.Debug|Any CPU.Build.0 = Debug|Any CPU
		{78E2B88A-DDBD-13DC-4A45-E881EBBB2805}.Release|Any CPU.ActiveCfg = Release|Any CPU
		{78E2B88A-DDBD-13DC-4A45-E881EBBB2805}.Release|Any CPU.Build.0 = Release|Any CPU
	EndGlobalSection
	GlobalSection(SolutionProperties) = preSolution
		HideSolutionNode = FALSE
	EndGlobalSection
	GlobalSection(ExtensibilityGlobals) = postSolution
		SolutionGuid = {DC60506A-3871-49D4-A6CE-E3A9D6D8929E}
	EndGlobalSection
EndGlobal
